# THIS IS AN AUTOGENERATED FILE. DO NOT EDIT THIS FILE DIRECTLY.
# yarn lockfile v1


bs-fetch@plow-technologies/bs-fetch#960d284ebcffc0d097c164edec428c1bd80da53b:
  version "0.7.0"
  resolved "https://codeload.github.com/plow-technologies/bs-fetch/tar.gz/960d284ebcffc0d097c164edec428c1bd80da53b"

rescript@^9.1.4:
  version "9.1.4"
  resolved "https://registry.yarnpkg.com/rescript/-/rescript-9.1.4.tgz#1eb126f98d6c16942c0bf0df67c050198e580515"
  integrity sha512-aXANK4IqecJzdnDpJUsU6pxMViCR5ogAxzuqS0mOr8TloMnzAjJFu63fjD6LCkWrKAhlMkFFzQvVQYaAaVkFXw==
